
Microsoft Visual Studio Solution File, Format Version 12.00
# Visual Studio Version 17
VisualStudioVersion = 17.4.33213.308
MinimumVisualStudioVersion = 10.0.40219.1
Project("{FAE04EC0-301F-11D3-BF4B-00C04F79EFBC}") = "Homework_52", "Homework_52\Homework_52.csproj", "{9FCCC2CB-3552-45EC-963A-744111022275}"
EndProject
Global
	GlobalSection(SolutionConfigurationPlatforms) = preSolution
		Debug|Any CPU = Debug|Any CPU
		Release|Any CPU = Release|Any CPU
	EndGlobalSection
	GlobalSection(ProjectConfigurationPlatforms) = postSolution
		{9FCCC2CB-3552-45EC-963A-744111022275}.Debug|Any CPU.ActiveCfg = Debug|Any CPU
		{9FCCC2CB-3552-45EC-963A-744111022275}.Debug|Any CPU.Build.0 = Debug|Any CPU
		{9FCCC2CB-3552-45EC-963A-744111022275}.Release|Any CPU.ActiveCfg = Release|Any CPU
		{9FCCC2CB-3552-45EC-963A-744111022275}.Release|Any CPU.Build.0 = Release|Any CPU
	EndGlobalSection
	GlobalSection(SolutionProperties) = preSolution
		HideSolutionNode = FALSE
	EndGlobalSection
	GlobalSection(ExtensibilityGlobals) = postSolution
		SolutionGuid = {65D43424-DC70-4700-9316-984B773FF008}
	EndGlobalSection
EndGlobal
